// !$*UTF8*$!
{
	archiveVersion = 1;
	classes = {
	};
	objectVersion = 55;
	objects = {

/* Begin PBXBuildFile section */
		B6681E01282A9EC500ADC325 /* FidgetAnimationAppApp.swift in Sources */ = {isa = PBXBuildFile; fileRef = B6681E00282A9EC500ADC325 /* FidgetAnimationAppApp.swift */; };
		B6681E05282A9EC900ADC325 /* Assets.xcassets in Resources */ = {isa = PBXBuildFile; fileRef = B6681E04282A9EC900ADC325 /* Assets.xcassets */; };
		B6681E08282A9EC900ADC325 /* Preview Assets.xcassets in Resources */ = {isa = PBXBuildFile; fileRef = B6681E07282A9EC900ADC325 /* Preview Assets.xcassets */; };
		B6681E0F282A9EE700ADC325 /* AnimationDetailView.swift in Sources */ = {isa = PBXBuildFile; fileRef = B6681E0E282A9EE700ADC325 /* AnimationDetailView.swift */; };
		B6681E13282A9F2600ADC325 /* AnimationList.swift in Sources */ = {isa = PBXBuildFile; fileRef = B6681E12282A9F2600ADC325 /* AnimationList.swift */; };
		B6681E15282AA01800ADC325 /* CirclesView.swift in Sources */ = {isa = PBXBuildFile; fileRef = B6681E14282AA01800ADC325 /* CirclesView.swift */; };
		B6681E17282AA18200ADC325 /* SquaresView.swift in Sources */ = {isa = PBXBuildFile; fileRef = B6681E16282AA18200ADC325 /* SquaresView.swift */; };
		B6681E19282AA20D00ADC325 /* FidgetsListView.swift in Sources */ = {isa = PBXBuildFile; fileRef = B6681E18282AA20D00ADC325 /* FidgetsListView.swift */; };
/* End PBXBuildFile section */

/* Begin PBXFileReference section */
		B6681DFD282A9EC500ADC325 /* FidgetAnimationApp.app */ = {isa = PBXFileReference; explicitFileType = wrapper.application; includeInIndex = 0; path = FidgetAnimationApp.app; sourceTree = BUILT_PRODUCTS_DIR; };
		B6681E00282A9EC500ADC325 /* FidgetAnimationAppApp.swift */ = {isa = PBXFileReference; lastKnownFileType = sourcecode.swift; path = FidgetAnimationAppApp.swift; sourceTree = "<group>"; };
		B6681E04282A9EC900ADC325 /* Assets.xcassets */ = {isa = PBXFileReference; lastKnownFileType = folder.assetcatalog; path = Assets.xcassets; sourceTree = "<group>"; };
		B6681E07282A9EC900ADC325 /* Preview Assets.xcassets */ = {isa = PBXFileReference; lastKnownFileType = folder.assetcatalog; path = "Preview Assets.xcassets"; sourceTree = "<group>"; };
		B6681E0E282A9EE700ADC325 /* AnimationDetailView.swift */ = {isa = PBXFileReference; lastKnownFileType = sourcecode.swift; path = AnimationDetailView.swift; sourceTree = "<group>"; };
		B6681E12282A9F2600ADC325 /* AnimationList.swift */ = {isa = PBXFileReference; lastKnownFileType = sourcecode.swift; path = AnimationList.swift; sourceTree = "<group>"; };
		B6681E14282AA01800ADC325 /* CirclesView.swift */ = {isa = PBXFileReference; lastKnownFileType = sourcecode.swift; path = CirclesView.swift; sourceTree = "<group>"; };
		B6681E16282AA18200ADC325 /* SquaresView.swift */ = {isa = PBXFileReference; lastKnownFileType = sourcecode.swift; path = SquaresView.swift; sourceTree = "<group>"; };
		B6681E18282AA20D00ADC325 /* FidgetsListView.swift */ = {isa = PBXFileReference; lastKnownFileType = sourcecode.swift; path = FidgetsListView.swift; sourceTree = "<group>"; };
/* End PBXFileReference section */

/* Begin PBXFrameworksBuildPhase section */
		B6681DFA282A9EC500ADC325 /* Frameworks */ = {
			isa = PBXFrameworksBuildPhase;
			buildActionMask = 2147483647;
			files = (
			);
			runOnlyForDeploymentPostprocessing = 0;
		};
/* End PBXFrameworksBuildPhase section */

/* Begin PBXGroup section */
		B6681DF4282A9EC400ADC325 = {
			isa = PBXGroup;
			children = (
				B6681DFF282A9EC500ADC325 /* FidgetAnimationApp */,
				B6681DFE282A9EC500ADC325 /* Products */,
			);
			sourceTree = "<group>";
		};
		B6681DFE282A9EC500ADC325 /* Products */ = {
			isa = PBXGroup;
			children = (
				B6681DFD282A9EC500ADC325 /* FidgetAnimationApp.app */,
			);
			name = Products;
			sourceTree = "<group>";
		};
		B6681DFF282A9EC500ADC325 /* FidgetAnimationApp */ = {
			isa = PBXGroup;
			children = (
				B6681E00282A9EC500ADC325 /* FidgetAnimationAppApp.swift */,
				B6681E10282A9EFB00ADC325 /* Views */,
				B6681E11282A9F0700ADC325 /* Model */,
				B6681E04282A9EC900ADC325 /* Assets.xcassets */,
				B6681E06282A9EC900ADC325 /* Preview Content */,
			);
			path = FidgetAnimationApp;
			sourceTree = "<group>";
		};
		B6681E06282A9EC900ADC325 /* Preview Content */ = {
			isa = PBXGroup;
			children = (
				B6681E07282A9EC900ADC325 /* Preview Assets.xcassets */,
			);
			path = "Preview Content";
			sourceTree = "<group>";
		};
		B6681E10282A9EFB00ADC325 /* Views */ = {
			isa = PBXGroup;
			children = (
				B6681E18282AA20D00ADC325 /* FidgetsListView.swift */,
				B6681E0E282A9EE700ADC325 /* AnimationDetailView.swift */,
				B6681E14282AA01800ADC325 /* CirclesView.swift */,
				B6681E16282AA18200ADC325 /* SquaresView.swift */,
			);
			path = Views;
			sourceTree = "<group>";
		};
		B6681E11282A9F0700ADC325 /* Model */ = {
			isa = PBXGroup;
			children = (
				B6681E12282A9F2600ADC325 /* AnimationList.swift */,
			);
			path = Model;
			sourceTree = "<group>";
		};
/* End PBXGroup section */

/* Begin PBXNativeTarget section */
		B6681DFC282A9EC500ADC325 /* FidgetAnimationApp */ = {
			isa = PBXNativeTarget;
			buildConfigurationList = B6681E0B282A9EC900ADC325 /* Build configuration list for PBXNativeTarget "FidgetAnimationApp" */;
			buildPhases = (
				B6681DF9282A9EC500ADC325 /* Sources */,
				B6681DFA282A9EC500ADC325 /* Frameworks */,
				B6681DFB282A9EC500ADC325 /* Resources */,
			);
			buildRules = (
			);
			dependencies = (
			);
			name = FidgetAnimationApp;
			productName = FidgetAnimationApp;
			productReference = B6681DFD282A9EC500ADC325 /* FidgetAnimationApp.app */;
			productType = "com.apple.product-type.application";
		};
/* End PBXNativeTarget section */

/* Begin PBXProject section */
		B6681DF5282A9EC500ADC325 /* Project object */ = {
			isa = PBXProject;
			attributes = {
				BuildIndependentTargetsInParallel = 1;
				LastSwiftUpdateCheck = 1330;
				LastUpgradeCheck = 1330;
				TargetAttributes = {
					B6681DFC282A9EC500ADC325 = {
						CreatedOnToolsVersion = 13.3.1;
					};
				};
			};
			buildConfigurationList = B6681DF8282A9EC500ADC325 /* Build configuration list for PBXProject "FidgetAnimationApp" */;
			compatibilityVersion = "Xcode 13.0";
			developmentRegion = en;
			hasScannedForEncodings = 0;
			knownRegions = (
				en,
				Base,
			);
			mainGroup = B6681DF4282A9EC400ADC325;
			productRefGroup = B6681DFE282A9EC500ADC325 /* Products */;
			projectDirPath = "";
			projectRoot = "";
			targets = (
				B6681DFC282A9EC500ADC325 /* FidgetAnimationApp */,
			);
		};
/* End PBXProject section */

/* Begin PBXResourcesBuildPhase section */
		B6681DFB282A9EC500ADC325 /* Resources */ = {
			isa = PBXResourcesBuildPhase;
			buildActionMask = 2147483647;
			files = (
				B6681E08282A9EC900ADC325 /* Preview Assets.xcassets in Resources */,
				B6681E05282A9EC900ADC325 /* Assets.xcassets in Resources */,
			);
			runOnlyForDeploymentPostprocessing = 0;
		};
/* End PBXResourcesBuildPhase section */

/* Begin PBXSourcesBuildPhase section */
		B6681DF9282A9EC500ADC325 /* Sources */ = {
			isa = PBXSourcesBuildPhase;
			buildActionMask = 2147483647;
			files = (
				B6681E0F282A9EE700ADC325 /* AnimationDetailView.swift in Sources */,
				B6681E17282AA18200ADC325 /* SquaresView.swift in Sources */,
				B6681E13282A9F2600ADC325 /* AnimationList.swift in Sources */,
				B6681E19282AA20D00ADC325 /* FidgetsListView.swift in Sources */,
				B6681E15282AA01800ADC325 /* CirclesView.swift in Sources */,
				B6681E01282A9EC500ADC325 /* FidgetAnimationAppApp.swift in Sources */,
			);
			runOnlyForDeploymentPostprocessing = 0;
		};
/* End PBXSourcesBuildPhase section */

/* Begin XCBuildConfiguration section */
		B6681E09282A9EC900ADC325 /* Debug */ = {
			isa = XCBuildConfiguration;
			buildSettings = {
				ALWAYS_SEARCH_USER_PATHS = NO;
				CLANG_ANALYZER_NONNULL = YES;
				CLANG_ANALYZER_NUMBER_OBJECT_CONVERSION = YES_AGGRESSIVE;
				CLANG_CXX_LANGUAGE_STANDARD = "gnu++17";
				CLANG_ENABLE_MODULES = YES;
				CLANG_ENABLE_OBJC_ARC = YES;
				CLANG_ENABLE_OBJC_WEAK = YES;
				CLANG_WARN_BLOCK_CAPTURE_AUTORELEASING = YES;
				CLANG_WARN_BOOL_CONVERSION = YES;
				CLANG_WARN_COMMA = YES;
				CLANG_WARN_CONSTANT_CONVERSION = YES;
				CLANG_WARN_DEPRECATED_OBJC_IMPLEMENTATIONS = YES;
				CLANG_WARN_DIRECT_OBJC_ISA_USAGE = YES_ERROR;
				CLANG_WARN_DOCUMENTATION_COMMENTS = YES;
				CLANG_WARN_EMPTY_BODY = YES;
				CLANG_WARN_ENUM_CONVERSION = YES;
				CLANG_WARN_INFINITE_RECURSION = YES;
				CLANG_WARN_INT_CONVERSION = YES;
				CLANG_WARN_NON_LITERAL_NULL_CONVERSION = YES;
				CLANG_WARN_OBJC_IMPLICIT_RETAIN_SELF = YES;
				CLANG_WARN_OBJC_LITERAL_CONVERSION = YES;
				CLANG_WARN_OBJC_ROOT_CLASS = YES_ERROR;
				CLANG_WARN_QUOTED_INCLUDE_IN_FRAMEWORK_HEADER = YES;
				CLANG_WARN_RANGE_LOOP_ANALYSIS = YES;
				CLANG_WARN_STRICT_PROTOTYPES = YES;
				CLANG_WARN_SUSPICIOUS_MOVE = YES;
				CLANG_WARN_UNGUARDED_AVAILABILITY = YES_AGGRESSIVE;
				CLANG_WARN_UNREACHABLE_CODE = YES;
				CLANG_WARN__DUPLICATE_METHOD_MATCH = YES;
				COPY_PHASE_STRIP = NO;
				DEBUG_INFORMATION_FORMAT = dwarf;
				ENABLE_STRICT_OBJC_MSGSEND = YES;
				ENABLE_TESTABILITY = YES;
				GCC_C_LANGUAGE_STANDARD = gnu11;
				GCC_DYNAMIC_NO_PIC = NO;
				GCC_NO_COMMON_BLOCKS = YES;
				GCC_OPTIMIZATION_LEVEL = 0;
				GCC_PREPROCESSOR_DEFINITIONS = (
					"DEBUG=1",
					"$(inherited)",
				);
				GCC_WARN_64_TO_32_BIT_CONVERSION = YES;
				GCC_WARN_ABOUT_RETURN_TYPE = YES_ERROR;
				GCC_WARN_UNDECLARED_SELECTOR = YES;
				GCC_WARN_UNINITIALIZED_AUTOS = YES_AGGRESSIVE;
				GCC_WARN_UNUSED_FUNCTION = YES;
				GCC_WARN_UNUSED_VARIABLE = YES;
				IPHONEOS_DEPLOYMENT_TARGET = 15.4;
				MTL_ENABLE_DEBUG_INFO = INCLUDE_SOURCE;
				MTL_FAST_MATH = YES;
				ONLY_ACTIVE_ARCH = YES;
				SDKROOT = iphoneos;
				SWIFT_ACTIVE_COMPILATION_CONDITIONS = DEBUG;
				SWIFT_OPTIMIZATION_LEVEL = "-Onone";
			};
			name = Debug;
		};
		B6681E0A282A9EC900ADC325 /* Release */ = {
			isa = XCBuildConfiguration;
			buildSettings = {
				ALWAYS_SEARCH_USER_PATHS = NO;
				CLANG_ANALYZER_NONNULL = YES;
				CLANG_ANALYZER_NUMBER_OBJECT_CONVERSION = YES_AGGRESSIVE;
				CLANG_CXX_LANGUAGE_STANDARD = "gnu++17";
				CLANG_ENABLE_MODULES = YES;
				CLANG_ENABLE_OBJC_ARC = YES;
				CLANG_ENABLE_OBJC_WEAK = YES;
				CLANG_WARN_BLOCK_CAPTURE_AUTORELEASING = YES;
				CLANG_WARN_BOOL_CONVERSION = YES;
				CLANG_WARN_COMMA = YES;
				CLANG_WARN_CONSTANT_CONVERSION = YES;
				CLANG_WARN_DEPRECATED_OBJC_IMPLEMENTATIONS = YES;
				CLANG_WARN_DIRECT_OBJC_ISA_USAGE = YES_ERROR;
				CLANG_WARN_DOCUMENTATION_COMMENTS = YES;
				CLANG_WARN_EMPTY_BODY = YES;
				CLANG_WARN_ENUM_CONVERSION = YES;
				CLANG_WARN_INFINITE_RECURSION = YES;
				CLANG_WARN_INT_CONVERSION = YES;
				CLANG_WARN_NON_LITERAL_NULL_CONVERSION = YES;
				CLANG_WARN_OBJC_IMPLICIT_RETAIN_SELF = YES;
				CLANG_WARN_OBJC_LITERAL_CONVERSION = YES;
				CLANG_WARN_OBJC_ROOT_CLASS = YES_ERROR;
				CLANG_WARN_QUOTED_INCLUDE_IN_FRAMEWORK_HEADER = YES;
				CLANG_WARN_RANGE_LOOP_ANALYSIS = YES;
				CLANG_WARN_STRICT_PROTOTYPES = YES;
				CLANG_WARN_SUSPICIOUS_MOVE = YES;
				CLANG_WARN_UNGUARDED_AVAILABILITY = YES_AGGRESSIVE;
				CLANG_WARN_UNREACHABLE_CODE = YES;
				CLANG_WARN__DUPLICATE_METHOD_MATCH = YES;
				COPY_PHASE_STRIP = NO;
				DEBUG_INFORMATION_FORMAT = "dwarf-with-dsym";
				ENABLE_NS_ASSERTIONS = NO;
				ENABLE_STRICT_OBJC_MSGSEND = YES;
				GCC_C_LANGUAGE_STANDARD = gnu11;
				GCC_NO_COMMON_BLOCKS = YES;
				GCC_WARN_64_TO_32_BIT_CONVERSION = YES;
				GCC_WARN_ABOUT_RETURN_TYPE = YES_ERROR;
				GCC_WARN_UNDECLARED_SELECTOR = YES;
				GCC_WARN_UNINITIALIZED_AUTOS = YES_AGGRESSIVE;
				GCC_WARN_UNUSED_FUNCTION = YES;
				GCC_WARN_UNUSED_VARIABLE = YES;
				IPHONEOS_DEPLOYMENT_TARGET = 15.4;
				MTL_ENABLE_DEBUG_INFO = NO;
				MTL_FAST_MATH = YES;
				SDKROOT = iphoneos;
				SWIFT_COMPILATION_MODE = wholemodule;
				SWIFT_OPTIMIZATION_LEVEL = "-O";
				VALIDATE_PRODUCT = YES;
			};
			name = Release;
		};
		B6681E0C282A9EC900ADC325 /* Debug */ = {
			isa = XCBuildConfiguration;
			buildSettings = {
				ASSETCATALOG_COMPILER_APPICON_NAME = AppIcon;
				ASSETCATALOG_COMPILER_GLOBAL_ACCENT_COLOR_NAME = AccentColor;
				CODE_SIGN_STYLE = Automatic;
				CURRENT_PROJECT_VERSION = 1;
				DEVELOPMENT_ASSET_PATHS = "\"FidgetAnimationApp/Preview Content\"";
				DEVELOPMENT_TEAM = UWA2S5C9D8;
				ENABLE_PREVIEWS = YES;
				GENERATE_INFOPLIST_FILE = YES;
				INFOPLIST_KEY_UIApplicationSceneManifest_Generation = YES;
				INFOPLIST_KEY_UIApplicationSupportsIndirectInputEvents = YES;
				INFOPLIST_KEY_UILaunchScreen_Generation = YES;
				INFOPLIST_KEY_UISupportedInterfaceOrientations_iPad = "UIInterfaceOrientationPortrait UIInterfaceOrientationPortraitUpsideDown UIInterfaceOrientationLandscapeLeft UIInterfaceOrientationLandscapeRight";
				INFOPLIST_KEY_UISupportedInterfaceOrientations_iPhone = "UIInterfaceOrientationPortrait UIInterfaceOrientationLandscapeLeft UIInterfaceOrientationLandscapeRight";
				LD_RUNPATH_SEARCH_PATHS = (
					"$(inherited)",
					"@executable_path/Frameworks",
				);
				MARKETING_VERSION = 1.0;
				PRODUCT_BUNDLE_IDENTIFIER = "cmelville-lcs.on.ca.FidgetAnimationApp";
				PRODUCT_NAME = "$(TARGET_NAME)";
				SWIFT_EMIT_LOC_STRINGS = YES;
				SWIFT_VERSION = 5.0;
				TARGETED_DEVICE_FAMILY = "1,2";
			};
			name = Debug;
		};
		B6681E0D282A9EC900ADC325 /* Release */ = {
			isa = XCBuildConfiguration;
			buildSettings = {
				ASSETCATALOG_COMPILER_APPICON_NAME = AppIcon;
				ASSETCATALOG_COMPILER_GLOBAL_ACCENT_COLOR_NAME = AccentColor;
				CODE_SIGN_STYLE = Automatic;
				CURRENT_PROJECT_VERSION = 1;
				DEVELOPMENT_ASSET_PATHS = "\"FidgetAnimationApp/Preview Content\"";
				DEVELOPMENT_TEAM = UWA2S5C9D8;
				ENABLE_PREVIEWS = YES;
				GENERATE_INFOPLIST_FILE = YES;
				INFOPLIST_KEY_UIApplicationSceneManifest_Generation = YES;
				INFOPLIST_KEY_UIApplicationSupportsIndirectInputEvents = YES;
				INFOPLIST_KEY_UILaunchScreen_Generation = YES;
				INFOPLIST_KEY_UISupportedInterfaceOrientations_iPad = "UIInterfaceOrientationPortrait UIInterfaceOrientationPortraitUpsideDown UIInterfaceOrientationLandscapeLeft UIInterfaceOrientationLandscapeRight";
				INFOPLIST_KEY_UISupportedInterfaceOrientations_iPhone = "UIInterfaceOrientationPortrait UIInterfaceOrientationLandscapeLeft UIInterfaceOrientationLandscapeRight";
				LD_RUNPATH_SEARCH_PATHS = (
					"$(inherited)",
					"@executable_path/Frameworks",
				);
				MARKETING_VERSION = 1.0;
				PRODUCT_BUNDLE_IDENTIFIER = "cmelville-lcs.on.ca.FidgetAnimationApp";
				PRODUCT_NAME = "$(TARGET_NAME)";
				SWIFT_EMIT_LOC_STRINGS = YES;
				SWIFT_VERSION = 5.0;
				TARGETED_DEVICE_FAMILY = "1,2";
			};
			name = Release;
		};
/* End XCBuildConfiguration section */

/* Begin XCConfigurationList section */
		B6681DF8282A9EC500ADC325 /* Build configuration list for PBXProject "FidgetAnimationApp" */ = {
			isa = XCConfigurationList;
			buildConfigurations = (
				B6681E09282A9EC900ADC325 /* Debug */,
				B6681E0A282A9EC900ADC325 /* Release */,
			);
			defaultConfigurationIsVisible = 0;
			defaultConfigurationName = Release;
		};
		B6681E0B282A9EC900ADC325 /* Build configuration list for PBXNativeTarget "FidgetAnimationApp" */ = {
			isa = XCConfigurationList;
			buildConfigurations = (
				B6681E0C282A9EC900ADC325 /* Debug */,
				B6681E0D282A9EC900ADC325 /* Release */,
			);
			defaultConfigurationIsVisible = 0;
			defaultConfigurationName = Release;
		};
/* End XCConfigurationList section */
	};
	rootObject = B6681DF5282A9EC500ADC325 /* Project object */;
}
